# THIS IS AN AUTOGENERATED FILE. DO NOT EDIT THIS FILE DIRECTLY.
# yarn lockfile v1


prettier-plugin-package@^0.3.1:
  version "0.3.1"
  resolved "https://registry.yarnpkg.com/prettier-plugin-package/-/prettier-plugin-package-0.3.1.tgz#dbb78fa0408c2ab18045ac23868bad4560607a93"
  integrity sha512-aCx+dVwRwgzsqulCFZcLTS7gTMmn+TXhRIDTbn8ev50n0abIlvukHLLZ9qiJN+6tdSZtd40rlqMx5oQ/mvw1+w==

prettier@^1.18.2:
  version "1.18.2"
  resolved "https://registry.yarnpkg.com/prettier/-/prettier-1.18.2.tgz#6823e7c5900017b4bd3acf46fe9ac4b4d7bda9ea"
  integrity sha512-OeHeMc0JhFE9idD4ZdtNibzY0+TPHSpSSb9h8FqtP+YnoZZ1sl8Vc9b1sasjfymH3SonAF4QcA2+mzHPhMvIiw==
